
Microsoft Visual Studio Solution File, Format Version 12.00
# Visual Studio Version 17
VisualStudioVersion = 17.4.33213.308
MinimumVisualStudioVersion = 10.0.40219.1
Project("{FAE04EC0-301F-11D3-BF4B-00C04F79EFBC}") = "RegularExpression", "RegularExpression\RegularExpression.csproj", "{F616C387-D67B-4F1A-965C-0EF81ACE133C}"
EndProject
Global
	GlobalSection(SolutionConfigurationPlatforms) = preSolution
		Debug|Any CPU = Debug|Any CPU
		Release|Any CPU = Release|Any CPU
	EndGlobalSection
	GlobalSection(ProjectConfigurationPlatforms) = postSolution
		{F616C387-D67B-4F1A-965C-0EF81ACE133C}.Debug|Any CPU.ActiveCfg = Debug|Any CPU
		{F616C387-D67B-4F1A-965C-0EF81ACE133C}.Debug|Any CPU.Build.0 = Debug|Any CPU
		{F616C387-D67B-4F1A-965C-0EF81ACE133C}.Release|Any CPU.ActiveCfg = Release|Any CPU
		{F616C387-D67B-4F1A-965C-0EF81ACE133C}.Release|Any CPU.Build.0 = Release|Any CPU
	EndGlobalSection
	GlobalSection(SolutionProperties) = preSolution
		HideSolutionNode = FALSE
	EndGlobalSection
	GlobalSection(ExtensibilityGlobals) = postSolution
		SolutionGuid = {A3276396-9D70-4158-A8D0-7981F6D5C492}
	EndGlobalSection
EndGlobal
